
Microsoft Visual Studio Solution File, Format Version 12.00
# Visual Studio 14
VisualStudioVersion = 14.0.25420.1
MinimumVisualStudioVersion = 10.0.40219.1
Project("{FAE04EC0-301F-11D3-BF4B-00C04F79EFBC}") = "DemoRegApp", "DemoRegApp\DemoRegApp.csproj", "{794526FA-22DE-474A-A991-9AD26B403D24}"
EndProject
Project("{FAE04EC0-301F-11D3-BF4B-00C04F79EFBC}") = "DemoUniversity", "DemoUniversity\DemoUniversity.csproj", "{2D842A03-6EE1-4285-A934-3B71C9073A4A}"
EndProject
Global
	GlobalSection(SolutionConfigurationPlatforms) = preSolution
		Debug|Any CPU = Debug|Any CPU
		Release|Any CPU = Release|Any CPU
	EndGlobalSection
	GlobalSection(ProjectConfigurationPlatforms) = postSolution
		{794526FA-22DE-474A-A991-9AD26B403D24}.Debug|Any CPU.ActiveCfg = Debug|Any CPU
		{794526FA-22DE-474A-A991-9AD26B403D24}.Debug|Any CPU.Build.0 = Debug|Any CPU
		{794526FA-22DE-474A-A991-9AD26B403D24}.Release|Any CPU.ActiveCfg = Release|Any CPU
		{794526FA-22DE-474A-A991-9AD26B403D24}.Release|Any CPU.Build.0 = Release|Any CPU
		{2D842A03-6EE1-4285-A934-3B71C9073A4A}.Debug|Any CPU.ActiveCfg = Debug|Any CPU
		{2D842A03-6EE1-4285-A934-3B71C9073A4A}.Debug|Any CPU.Build.0 = Debug|Any CPU
		{2D842A03-6EE1-4285-A934-3B71C9073A4A}.Release|Any CPU.ActiveCfg = Release|Any CPU
		{2D842A03-6EE1-4285-A934-3B71C9073A4A}.Release|Any CPU.Build.0 = Release|Any CPU
	EndGlobalSection
	GlobalSection(SolutionProperties) = preSolution
		HideSolutionNode = FALSE
	EndGlobalSection
EndGlobal
